// !$*UTF8*$!
{
	archiveVersion = 1;
	classes = {
	};
	objectVersion = 50;
	objects = {

/* Begin PBXBuildFile section */
		8820D44F2561720100F0E73A /* ALittleImageGalleryAppTests.swift in Sources */ = {isa = PBXBuildFile; fileRef = 8820D44E2561720100F0E73A /* ALittleImageGalleryAppTests.swift */; };
		8820D4592561953D00F0E73A /* Extensions.swift in Sources */ = {isa = PBXBuildFile; fileRef = 8820D4582561953D00F0E73A /* Extensions.swift */; };
		8882E83F25612C3B00335534 /* Constants.swift in Sources */ = {isa = PBXBuildFile; fileRef = 8882E83E25612C3B00335534 /* Constants.swift */; };
		88ABF8802560251D00428603 /* AppDelegate.swift in Sources */ = {isa = PBXBuildFile; fileRef = 88ABF87F2560251D00428603 /* AppDelegate.swift */; };
		88ABF8822560251D00428603 /* SceneDelegate.swift in Sources */ = {isa = PBXBuildFile; fileRef = 88ABF8812560251D00428603 /* SceneDelegate.swift */; };
		88ABF8862560251E00428603 /* Assets.xcassets in Resources */ = {isa = PBXBuildFile; fileRef = 88ABF8852560251E00428603 /* Assets.xcassets */; };
		88ABF88C2560251E00428603 /* LaunchScreen.storyboard in Resources */ = {isa = PBXBuildFile; fileRef = 88ABF88A2560251E00428603 /* LaunchScreen.storyboard */; };
		88ABF89A256025C600428603 /* Model.swift in Sources */ = {isa = PBXBuildFile; fileRef = 88ABF899256025C600428603 /* Model.swift */; };
		88ABF89E256025DB00428603 /* ViewModel.swift in Sources */ = {isa = PBXBuildFile; fileRef = 88ABF89D256025DB00428603 /* ViewModel.swift */; };
		88ABF8A12560261D00428603 /* View.swift in Sources */ = {isa = PBXBuildFile; fileRef = 88ABF8A02560261D00428603 /* View.swift */; };
		88ABF8A42560262600428603 /* ViewController.swift in Sources */ = {isa = PBXBuildFile; fileRef = 88ABF8A32560262600428603 /* ViewController.swift */; };
		88ABF8AA2560294600428603 /* CollectionViewCell.swift in Sources */ = {isa = PBXBuildFile; fileRef = 88ABF8A92560294600428603 /* CollectionViewCell.swift */; };
/* End PBXBuildFile section */

/* Begin PBXContainerItemProxy section */
		8820D4512561720100F0E73A /* PBXContainerItemProxy */ = {
			isa = PBXContainerItemProxy;
			containerPortal = 88ABF8742560251D00428603 /* Project object */;
			proxyType = 1;
			remoteGlobalIDString = 88ABF87B2560251D00428603;
			remoteInfo = ALittleImageGalleryApp;
		};
/* End PBXContainerItemProxy section */

/* Begin PBXFileReference section */
		8820D44C2561720100F0E73A /* ALittleImageGalleryAppTests.xctest */ = {isa = PBXFileReference; explicitFileType = wrapper.cfbundle; includeInIndex = 0; path = ALittleImageGalleryAppTests.xctest; sourceTree = BUILT_PRODUCTS_DIR; };
		8820D44E2561720100F0E73A /* ALittleImageGalleryAppTests.swift */ = {isa = PBXFileReference; lastKnownFileType = sourcecode.swift; path = ALittleImageGalleryAppTests.swift; sourceTree = "<group>"; };
		8820D4502561720100F0E73A /* Info.plist */ = {isa = PBXFileReference; lastKnownFileType = text.plist.xml; path = Info.plist; sourceTree = "<group>"; };
		8820D4582561953D00F0E73A /* Extensions.swift */ = {isa = PBXFileReference; lastKnownFileType = sourcecode.swift; path = Extensions.swift; sourceTree = "<group>"; };
		8882E83E25612C3B00335534 /* Constants.swift */ = {isa = PBXFileReference; lastKnownFileType = sourcecode.swift; path = Constants.swift; sourceTree = "<group>"; };
		88ABF87C2560251D00428603 /* ALittleImageGalleryApp.app */ = {isa = PBXFileReference; explicitFileType = wrapper.application; includeInIndex = 0; path = ALittleImageGalleryApp.app; sourceTree = BUILT_PRODUCTS_DIR; };
		88ABF87F2560251D00428603 /* AppDelegate.swift */ = {isa = PBXFileReference; lastKnownFileType = sourcecode.swift; path = AppDelegate.swift; sourceTree = "<group>"; };
		88ABF8812560251D00428603 /* SceneDelegate.swift */ = {isa = PBXFileReference; lastKnownFileType = sourcecode.swift; path = SceneDelegate.swift; sourceTree = "<group>"; };
		88ABF8852560251E00428603 /* Assets.xcassets */ = {isa = PBXFileReference; lastKnownFileType = folder.assetcatalog; path = Assets.xcassets; sourceTree = "<group>"; };
		88ABF88B2560251E00428603 /* Base */ = {isa = PBXFileReference; lastKnownFileType = file.storyboard; name = Base; path = Base.lproj/LaunchScreen.storyboard; sourceTree = "<group>"; };
		88ABF88D2560251E00428603 /* Info.plist */ = {isa = PBXFileReference; lastKnownFileType = text.plist.xml; path = Info.plist; sourceTree = "<group>"; };
		88ABF899256025C600428603 /* Model.swift */ = {isa = PBXFileReference; lastKnownFileType = sourcecode.swift; path = Model.swift; sourceTree = "<group>"; };
		88ABF89D256025DB00428603 /* ViewModel.swift */ = {isa = PBXFileReference; lastKnownFileType = sourcecode.swift; path = ViewModel.swift; sourceTree = "<group>"; };
		88ABF8A02560261D00428603 /* View.swift */ = {isa = PBXFileReference; lastKnownFileType = sourcecode.swift; path = View.swift; sourceTree = "<group>"; };
		88ABF8A32560262600428603 /* ViewController.swift */ = {isa = PBXFileReference; lastKnownFileType = sourcecode.swift; path = ViewController.swift; sourceTree = "<group>"; };
		88ABF8A92560294600428603 /* CollectionViewCell.swift */ = {isa = PBXFileReference; lastKnownFileType = sourcecode.swift; path = CollectionViewCell.swift; sourceTree = "<group>"; };
/* End PBXFileReference section */

/* Begin PBXFrameworksBuildPhase section */
		8820D4492561720100F0E73A /* Frameworks */ = {
			isa = PBXFrameworksBuildPhase;
			buildActionMask = 2147483647;
			files = (
			);
			runOnlyForDeploymentPostprocessing = 0;
		};
		88ABF8792560251D00428603 /* Frameworks */ = {
			isa = PBXFrameworksBuildPhase;
			buildActionMask = 2147483647;
			files = (
			);
			runOnlyForDeploymentPostprocessing = 0;
		};
/* End PBXFrameworksBuildPhase section */

/* Begin PBXGroup section */
		8820D44D2561720100F0E73A /* ALittleImageGalleryAppTests */ = {
			isa = PBXGroup;
			children = (
				8820D44E2561720100F0E73A /* ALittleImageGalleryAppTests.swift */,
				8820D4502561720100F0E73A /* Info.plist */,
			);
			path = ALittleImageGalleryAppTests;
			sourceTree = "<group>";
		};
		88ABF8732560251D00428603 = {
			isa = PBXGroup;
			children = (
				88ABF87E2560251D00428603 /* ALittleImageGalleryApp */,
				8820D44D2561720100F0E73A /* ALittleImageGalleryAppTests */,
				88ABF87D2560251D00428603 /* Products */,
			);
			sourceTree = "<group>";
		};
		88ABF87D2560251D00428603 /* Products */ = {
			isa = PBXGroup;
			children = (
				88ABF87C2560251D00428603 /* ALittleImageGalleryApp.app */,
				8820D44C2561720100F0E73A /* ALittleImageGalleryAppTests.xctest */,
			);
			name = Products;
			sourceTree = "<group>";
		};
		88ABF87E2560251D00428603 /* ALittleImageGalleryApp */ = {
			isa = PBXGroup;
			children = (
				88ABF87F2560251D00428603 /* AppDelegate.swift */,
				88ABF8812560251D00428603 /* SceneDelegate.swift */,
				8882E83E25612C3B00335534 /* Constants.swift */,
				88ABF8962560258800428603 /* Model */,
				88ABF8972560258E00428603 /* View */,
				88ABF8982560259000428603 /* ViewModel */,
				88ABF8852560251E00428603 /* Assets.xcassets */,
				88ABF88A2560251E00428603 /* LaunchScreen.storyboard */,
				88ABF88D2560251E00428603 /* Info.plist */,
			);
			path = ALittleImageGalleryApp;
			sourceTree = "<group>";
		};
		88ABF8962560258800428603 /* Model */ = {
			isa = PBXGroup;
			children = (
				88ABF899256025C600428603 /* Model.swift */,
			);
			path = Model;
			sourceTree = "<group>";
		};
		88ABF8972560258E00428603 /* View */ = {
			isa = PBXGroup;
			children = (
				88ABF8A02560261D00428603 /* View.swift */,
				88ABF8A92560294600428603 /* CollectionViewCell.swift */,
				8820D4582561953D00F0E73A /* Extensions.swift */,
				88ABF8A62560262900428603 /* ViewController */,
			);
			path = View;
			sourceTree = "<group>";
		};
		88ABF8982560259000428603 /* ViewModel */ = {
			isa = PBXGroup;
			children = (
				88ABF89D256025DB00428603 /* ViewModel.swift */,
			);
			path = ViewModel;
			sourceTree = "<group>";
		};
		88ABF8A62560262900428603 /* ViewController */ = {
			isa = PBXGroup;
			children = (
				88ABF8A32560262600428603 /* ViewController.swift */,
			);
			path = ViewController;
			sourceTree = "<group>";
		};
/* End PBXGroup section */

/* Begin PBXNativeTarget section */
		8820D44B2561720100F0E73A /* ALittleImageGalleryAppTests */ = {
			isa = PBXNativeTarget;
			buildConfigurationList = 8820D4552561720100F0E73A /* Build configuration list for PBXNativeTarget "ALittleImageGalleryAppTests" */;
			buildPhases = (
				8820D4482561720100F0E73A /* Sources */,
				8820D4492561720100F0E73A /* Frameworks */,
				8820D44A2561720100F0E73A /* Resources */,
			);
			buildRules = (
			);
			dependencies = (
				8820D4522561720100F0E73A /* PBXTargetDependency */,
			);
			name = ALittleImageGalleryAppTests;
			productName = ALittleImageGalleryAppTests;
			productReference = 8820D44C2561720100F0E73A /* ALittleImageGalleryAppTests.xctest */;
			productType = "com.apple.product-type.bundle.unit-test";
		};
		88ABF87B2560251D00428603 /* ALittleImageGalleryApp */ = {
			isa = PBXNativeTarget;
			buildConfigurationList = 88ABF8902560251E00428603 /* Build configuration list for PBXNativeTarget "ALittleImageGalleryApp" */;
			buildPhases = (
				88ABF8782560251D00428603 /* Sources */,
				88ABF8792560251D00428603 /* Frameworks */,
				88ABF87A2560251D00428603 /* Resources */,
			);
			buildRules = (
			);
			dependencies = (
			);
			name = ALittleImageGalleryApp;
			productName = ALittleImageGalleryApp;
			productReference = 88ABF87C2560251D00428603 /* ALittleImageGalleryApp.app */;
			productType = "com.apple.product-type.application";
		};
/* End PBXNativeTarget section */

/* Begin PBXProject section */
		88ABF8742560251D00428603 /* Project object */ = {
			isa = PBXProject;
			attributes = {
				LastSwiftUpdateCheck = 1220;
				LastUpgradeCheck = 1210;
				TargetAttributes = {
					8820D44B2561720100F0E73A = {
						CreatedOnToolsVersion = 12.2;
						TestTargetID = 88ABF87B2560251D00428603;
					};
					88ABF87B2560251D00428603 = {
						CreatedOnToolsVersion = 12.1;
					};
				};
			};
			buildConfigurationList = 88ABF8772560251D00428603 /* Build configuration list for PBXProject "ALittleImageGalleryApp" */;
			compatibilityVersion = "Xcode 9.3";
			developmentRegion = en;
			hasScannedForEncodings = 0;
			knownRegions = (
				en,
				Base,
			);
			mainGroup = 88ABF8732560251D00428603;
			productRefGroup = 88ABF87D2560251D00428603 /* Products */;
			projectDirPath = "";
			projectRoot = "";
			targets = (
				88ABF87B2560251D00428603 /* ALittleImageGalleryApp */,
				8820D44B2561720100F0E73A /* ALittleImageGalleryAppTests */,
			);
		};
/* End PBXProject section */

/* Begin PBXResourcesBuildPhase section */
		8820D44A2561720100F0E73A /* Resources */ = {
			isa = PBXResourcesBuildPhase;
			buildActionMask = 2147483647;
			files = (
			);
			runOnlyForDeploymentPostprocessing = 0;
		};
		88ABF87A2560251D00428603 /* Resources */ = {
			isa = PBXResourcesBuildPhase;
			buildActionMask = 2147483647;
			files = (
				88ABF88C2560251E00428603 /* LaunchScreen.storyboard in Resources */,
				88ABF8862560251E00428603 /* Assets.xcassets in Resources */,
			);
			runOnlyForDeploymentPostprocessing = 0;
		};
/* End PBXResourcesBuildPhase section */

/* Begin PBXSourcesBuildPhase section */
		8820D4482561720100F0E73A /* Sources */ = {
			isa = PBXSourcesBuildPhase;
			buildActionMask = 2147483647;
			files = (
				8820D44F2561720100F0E73A /* ALittleImageGalleryAppTests.swift in Sources */,
			);
			runOnlyForDeploymentPostprocessing = 0;
		};
		88ABF8782560251D00428603 /* Sources */ = {
			isa = PBXSourcesBuildPhase;
			buildActionMask = 2147483647;
			files = (
				88ABF8A42560262600428603 /* ViewController.swift in Sources */,
				88ABF89A256025C600428603 /* Model.swift in Sources */,
				88ABF8802560251D00428603 /* AppDelegate.swift in Sources */,
				88ABF8AA2560294600428603 /* CollectionViewCell.swift in Sources */,
				88ABF8A12560261D00428603 /* View.swift in Sources */,
				88ABF89E256025DB00428603 /* ViewModel.swift in Sources */,
				88ABF8822560251D00428603 /* SceneDelegate.swift in Sources */,
				8882E83F25612C3B00335534 /* Constants.swift in Sources */,
				8820D4592561953D00F0E73A /* Extensions.swift in Sources */,
			);
			runOnlyForDeploymentPostprocessing = 0;
		};
/* End PBXSourcesBuildPhase section */

/* Begin PBXTargetDependency section */
		8820D4522561720100F0E73A /* PBXTargetDependency */ = {
			isa = PBXTargetDependency;
			target = 88ABF87B2560251D00428603 /* ALittleImageGalleryApp */;
			targetProxy = 8820D4512561720100F0E73A /* PBXContainerItemProxy */;
		};
/* End PBXTargetDependency section */

/* Begin PBXVariantGroup section */
		88ABF88A2560251E00428603 /* LaunchScreen.storyboard */ = {
			isa = PBXVariantGroup;
			children = (
				88ABF88B2560251E00428603 /* Base */,
			);
			name = LaunchScreen.storyboard;
			sourceTree = "<group>";
		};
/* End PBXVariantGroup section */

/* Begin XCBuildConfiguration section */
		8820D4532561720100F0E73A /* Debug */ = {
			isa = XCBuildConfiguration;
			buildSettings = {
				BUNDLE_LOADER = "$(TEST_HOST)";
				CODE_SIGN_STYLE = Automatic;
				DEVELOPMENT_TEAM = 2AMAMNTQA2;
				INFOPLIST_FILE = ALittleImageGalleryAppTests/Info.plist;
				IPHONEOS_DEPLOYMENT_TARGET = 14.2;
				LD_RUNPATH_SEARCH_PATHS = (
					"$(inherited)",
					"@executable_path/Frameworks",
					"@loader_path/Frameworks",
				);
				PRODUCT_BUNDLE_IDENTIFIER = SumairZamir.ALittleImageGalleryAppTests;
				PRODUCT_NAME = "$(TARGET_NAME)";
				SWIFT_VERSION = 5.0;
				TARGETED_DEVICE_FAMILY = "1,2";
				TEST_HOST = "$(BUILT_PRODUCTS_DIR)/ALittleImageGalleryApp.app/ALittleImageGalleryApp";
			};
			name = Debug;
		};
		8820D4542561720100F0E73A /* Release */ = {
			isa = XCBuildConfiguration;
			buildSettings = {
				BUNDLE_LOADER = "$(TEST_HOST)";
				CODE_SIGN_STYLE = Automatic;
				DEVELOPMENT_TEAM = 2AMAMNTQA2;
				INFOPLIST_FILE = ALittleImageGalleryAppTests/Info.plist;
				IPHONEOS_DEPLOYMENT_TARGET = 14.2;
				LD_RUNPATH_SEARCH_PATHS = (
					"$(inherited)",
					"@executable_path/Frameworks",
					"@loader_path/Frameworks",
				);
				PRODUCT_BUNDLE_IDENTIFIER = SumairZamir.ALittleImageGalleryAppTests;
				PRODUCT_NAME = "$(TARGET_NAME)";
				SWIFT_VERSION = 5.0;
				TARGETED_DEVICE_FAMILY = "1,2";
				TEST_HOST = "$(BUILT_PRODUCTS_DIR)/ALittleImageGalleryApp.app/ALittleImageGalleryApp";
			};
			name = Release;
		};
		88ABF88E2560251E00428603 /* Debug */ = {
			isa = XCBuildConfiguration;
			buildSettings = {
				ALTERNATE_OWNER = "";
				ALWAYS_SEARCH_USER_PATHS = NO;
				CLANG_ANALYZER_NONNULL = YES;
				CLANG_ANALYZER_NUMBER_OBJECT_CONVERSION = YES_AGGRESSIVE;
				CLANG_CXX_LANGUAGE_STANDARD = "gnu++14";
				CLANG_CXX_LIBRARY = "libc++";
				CLANG_ENABLE_MODULES = YES;
				CLANG_ENABLE_OBJC_ARC = YES;
				CLANG_ENABLE_OBJC_WEAK = YES;
				CLANG_WARN_BLOCK_CAPTURE_AUTORELEASING = YES;
				CLANG_WARN_BOOL_CONVERSION = YES;
				CLANG_WARN_COMMA = YES;
				CLANG_WARN_CONSTANT_CONVERSION = YES;
				CLANG_WARN_DEPRECATED_OBJC_IMPLEMENTATIONS = YES;
				CLANG_WARN_DIRECT_OBJC_ISA_USAGE = YES_ERROR;
				CLANG_WARN_DOCUMENTATION_COMMENTS = YES;
				CLANG_WARN_EMPTY_BODY = YES;
				CLANG_WARN_ENUM_CONVERSION = YES;
				CLANG_WARN_INFINITE_RECURSION = YES;
				CLANG_WARN_INT_CONVERSION = YES;
				CLANG_WARN_NON_LITERAL_NULL_CONVERSION = YES;
				CLANG_WARN_OBJC_IMPLICIT_RETAIN_SELF = YES;
				CLANG_WARN_OBJC_LITERAL_CONVERSION = YES;
				CLANG_WARN_OBJC_ROOT_CLASS = YES_ERROR;
				CLANG_WARN_QUOTED_INCLUDE_IN_FRAMEWORK_HEADER = YES;
				CLANG_WARN_RANGE_LOOP_ANALYSIS = YES;
				CLANG_WARN_STRICT_PROTOTYPES = YES;
				CLANG_WARN_SUSPICIOUS_MOVE = YES;
				CLANG_WARN_UNGUARDED_AVAILABILITY = YES_AGGRESSIVE;
				CLANG_WARN_UNREACHABLE_CODE = YES;
				CLANG_WARN__DUPLICATE_METHOD_MATCH = YES;
				COPY_PHASE_STRIP = NO;
				DEBUG_INFORMATION_FORMAT = dwarf;
				ENABLE_STRICT_OBJC_MSGSEND = YES;
				ENABLE_TESTABILITY = YES;
				GCC_C_LANGUAGE_STANDARD = gnu11;
				GCC_DYNAMIC_NO_PIC = NO;
				GCC_NO_COMMON_BLOCKS = YES;
				GCC_OPTIMIZATION_LEVEL = 0;
				GCC_PREPROCESSOR_DEFINITIONS = (
					"DEBUG=1",
					"$(inherited)",
				);
				GCC_WARN_64_TO_32_BIT_CONVERSION = YES;
				GCC_WARN_ABOUT_RETURN_TYPE = YES_ERROR;
				GCC_WARN_UNDECLARED_SELECTOR = YES;
				GCC_WARN_UNINITIALIZED_AUTOS = YES_AGGRESSIVE;
				GCC_WARN_UNUSED_FUNCTION = YES;
				GCC_WARN_UNUSED_VARIABLE = YES;
				INSTALL_OWNER = "";
				IPHONEOS_DEPLOYMENT_TARGET = 14.1;
				MTL_ENABLE_DEBUG_INFO = INCLUDE_SOURCE;
				MTL_FAST_MATH = YES;
				ONLY_ACTIVE_ARCH = YES;
				SDKROOT = iphoneos;
				SWIFT_ACTIVE_COMPILATION_CONDITIONS = DEBUG;
				SWIFT_OPTIMIZATION_LEVEL = "-Onone";
			};
			name = Debug;
		};
		88ABF88F2560251E00428603 /* Release */ = {
			isa = XCBuildConfiguration;
			buildSettings = {
				ALTERNATE_OWNER = "";
				ALWAYS_SEARCH_USER_PATHS = NO;
				CLANG_ANALYZER_NONNULL = YES;
				CLANG_ANALYZER_NUMBER_OBJECT_CONVERSION = YES_AGGRESSIVE;
				CLANG_CXX_LANGUAGE_STANDARD = "gnu++14";
				CLANG_CXX_LIBRARY = "libc++";
				CLANG_ENABLE_MODULES = YES;
				CLANG_ENABLE_OBJC_ARC = YES;
				CLANG_ENABLE_OBJC_WEAK = YES;
				CLANG_WARN_BLOCK_CAPTURE_AUTORELEASING = YES;
				CLANG_WARN_BOOL_CONVERSION = YES;
				CLANG_WARN_COMMA = YES;
				CLANG_WARN_CONSTANT_CONVERSION = YES;
				CLANG_WARN_DEPRECATED_OBJC_IMPLEMENTATIONS = YES;
				CLANG_WARN_DIRECT_OBJC_ISA_USAGE = YES_ERROR;
				CLANG_WARN_DOCUMENTATION_COMMENTS = YES;
				CLANG_WARN_EMPTY_BODY = YES;
				CLANG_WARN_ENUM_CONVERSION = YES;
				CLANG_WARN_INFINITE_RECURSION = YES;
				CLANG_WARN_INT_CONVERSION = YES;
				CLANG_WARN_NON_LITERAL_NULL_CONVERSION = YES;
				CLANG_WARN_OBJC_IMPLICIT_RETAIN_SELF = YES;
				CLANG_WARN_OBJC_LITERAL_CONVERSION = YES;
				CLANG_WARN_OBJC_ROOT_CLASS = YES_ERROR;
				CLANG_WARN_QUOTED_INCLUDE_IN_FRAMEWORK_HEADER = YES;
				CLANG_WARN_RANGE_LOOP_ANALYSIS = YES;
				CLANG_WARN_STRICT_PROTOTYPES = YES;
				CLANG_WARN_SUSPICIOUS_MOVE = YES;
				CLANG_WARN_UNGUARDED_AVAILABILITY = YES_AGGRESSIVE;
				CLANG_WARN_UNREACHABLE_CODE = YES;
				CLANG_WARN__DUPLICATE_METHOD_MATCH = YES;
				COPY_PHASE_STRIP = NO;
				DEBUG_INFORMATION_FORMAT = "dwarf-with-dsym";
				ENABLE_NS_ASSERTIONS = NO;
				ENABLE_STRICT_OBJC_MSGSEND = YES;
				GCC_C_LANGUAGE_STANDARD = gnu11;
				GCC_NO_COMMON_BLOCKS = YES;
				GCC_WARN_64_TO_32_BIT_CONVERSION = YES;
				GCC_WARN_ABOUT_RETURN_TYPE = YES_ERROR;
				GCC_WARN_UNDECLARED_SELECTOR = YES;
				GCC_WARN_UNINITIALIZED_AUTOS = YES_AGGRESSIVE;
				GCC_WARN_UNUSED_FUNCTION = YES;
				GCC_WARN_UNUSED_VARIABLE = YES;
				INSTALL_OWNER = "";
				IPHONEOS_DEPLOYMENT_TARGET = 14.1;
				MTL_ENABLE_DEBUG_INFO = NO;
				MTL_FAST_MATH = YES;
				SDKROOT = iphoneos;
				SWIFT_COMPILATION_MODE = wholemodule;
				SWIFT_OPTIMIZATION_LEVEL = "-O";
				VALIDATE_PRODUCT = YES;
			};
			name = Release;
		};
		88ABF8912560251E00428603 /* Debug */ = {
			isa = XCBuildConfiguration;
			buildSettings = {
				ASSETCATALOG_COMPILER_APPICON_NAME = AppIcon;
				ASSETCATALOG_COMPILER_GLOBAL_ACCENT_COLOR_NAME = AccentColor;
				CODE_SIGN_STYLE = Automatic;
				DEVELOPMENT_TEAM = 2AMAMNTQA2;
				ENABLE_PREVIEWS = YES;
				INFOPLIST_FILE = ALittleImageGalleryApp/Info.plist;
				LD_RUNPATH_SEARCH_PATHS = (
					"$(inherited)",
					"@executable_path/Frameworks",
				);
				PRODUCT_BUNDLE_IDENTIFIER = SumairZamir.ALittleImageGalleryApp;
				PRODUCT_NAME = "$(TARGET_NAME)";
				SWIFT_VERSION = 5.0;
				TARGETED_DEVICE_FAMILY = "1,2";
			};
			name = Debug;
		};
		88ABF8922560251E00428603 /* Release */ = {
			isa = XCBuildConfiguration;
			buildSettings = {
				ASSETCATALOG_COMPILER_APPICON_NAME = AppIcon;
				ASSETCATALOG_COMPILER_GLOBAL_ACCENT_COLOR_NAME = AccentColor;
				CODE_SIGN_STYLE = Automatic;
				DEVELOPMENT_TEAM = 2AMAMNTQA2;
				ENABLE_PREVIEWS = YES;
				INFOPLIST_FILE = ALittleImageGalleryApp/Info.plist;
				LD_RUNPATH_SEARCH_PATHS = (
					"$(inherited)",
					"@executable_path/Frameworks",
				);
				PRODUCT_BUNDLE_IDENTIFIER = SumairZamir.ALittleImageGalleryApp;
				PRODUCT_NAME = "$(TARGET_NAME)";
				SWIFT_VERSION = 5.0;
				TARGETED_DEVICE_FAMILY = "1,2";
			};
			name = Release;
		};
/* End XCBuildConfiguration section */

/* Begin XCConfigurationList section */
		8820D4552561720100F0E73A /* Build configuration list for PBXNativeTarget "ALittleImageGalleryAppTests" */ = {
			isa = XCConfigurationList;
			buildConfigurations = (
				8820D4532561720100F0E73A /* Debug */,
				8820D4542561720100F0E73A /* Release */,
			);
			defaultConfigurationIsVisible = 0;
			defaultConfigurationName = Release;
		};
		88ABF8772560251D00428603 /* Build configuration list for PBXProject "ALittleImageGalleryApp" */ = {
			isa = XCConfigurationList;
			buildConfigurations = (
				88ABF88E2560251E00428603 /* Debug */,
				88ABF88F2560251E00428603 /* Release */,
			);
			defaultConfigurationIsVisible = 0;
			defaultConfigurationName = Release;
		};
		88ABF8902560251E00428603 /* Build configuration list for PBXNativeTarget "ALittleImageGalleryApp" */ = {
			isa = XCConfigurationList;
			buildConfigurations = (
				88ABF8912560251E00428603 /* Debug */,
				88ABF8922560251E00428603 /* Release */,
			);
			defaultConfigurationIsVisible = 0;
			defaultConfigurationName = Release;
		};
/* End XCConfigurationList section */
	};
	rootObject = 88ABF8742560251D00428603 /* Project object */;
}
